
Microsoft Visual Studio Solution File, Format Version 12.00
# Visual Studio Version 17
VisualStudioVersion = 17.5.33502.453
MinimumVisualStudioVersion = 10.0.40219.1
Project("{9A19103F-16F7-4668-BE54-9A1E7A4F7556}") = "HomeBuild", "HomeBuild\HomeBuild.csproj", "{676732D2-061D-4E91-A5E7-DC83E5437997}"
EndProject
Global
	GlobalSection(SolutionConfigurationPlatforms) = preSolution
		Debug|Any CPU = Debug|Any CPU
		Release|Any CPU = Release|Any CPU
	EndGlobalSection
	GlobalSection(ProjectConfigurationPlatforms) = postSolution
		{676732D2-061D-4E91-A5E7-DC83E5437997}.Debug|Any CPU.ActiveCfg = Debug|Any CPU
		{676732D2-061D-4E91-A5E7-DC83E5437997}.Debug|Any CPU.Build.0 = Debug|Any CPU
		{676732D2-061D-4E91-A5E7-DC83E5437997}.Release|Any CPU.ActiveCfg = Release|Any CPU
		{676732D2-061D-4E91-A5E7-DC83E5437997}.Release|Any CPU.Build.0 = Release|Any CPU
	EndGlobalSection
	GlobalSection(SolutionProperties) = preSolution
		HideSolutionNode = FALSE
	EndGlobalSection
	GlobalSection(ExtensibilityGlobals) = postSolution
		SolutionGuid = {41312676-6687-443B-BC76-2DA5A4FBF100}
	EndGlobalSection
EndGlobal
